
Microsoft Visual Studio Solution File, Format Version 12.00
Project("{2150E333-8FDC-42A3-9474-1A3956D46DE8}") = "src", "src", "{C7163AD7-4514-4566-9EAA-E55EA8186559}"
EndProject
Project("{FAE04EC0-301F-11D3-BF4B-00C04F79EFBC}") = "QuickstartTemplate.WebApi", "src\QuickstartTemplate.WebApi\QuickstartTemplate.WebApi.csproj", "{64344D28-7E5C-40D5-ACA3-4D87730E47E4}"
EndProject
Global
	GlobalSection(SolutionConfigurationPlatforms) = preSolution
		Debug|Any CPU = Debug|Any CPU
		Release|Any CPU = Release|Any CPU
	EndGlobalSection
	GlobalSection(NestedProjects) = preSolution
		{64344D28-7E5C-40D5-ACA3-4D87730E47E4} = {C7163AD7-4514-4566-9EAA-E55EA8186559}
	EndGlobalSection
	GlobalSection(ProjectConfigurationPlatforms) = postSolution
		{64344D28-7E5C-40D5-ACA3-4D87730E47E4}.Debug|Any CPU.ActiveCfg = Debug|Any CPU
		{64344D28-7E5C-40D5-ACA3-4D87730E47E4}.Debug|Any CPU.Build.0 = Debug|Any CPU
		{64344D28-7E5C-40D5-ACA3-4D87730E47E4}.Release|Any CPU.ActiveCfg = Release|Any CPU
		{64344D28-7E5C-40D5-ACA3-4D87730E47E4}.Release|Any CPU.Build.0 = Release|Any CPU
	EndGlobalSection
EndGlobal
